
Microsoft Visual Studio Solution File, Format Version 12.00
# Visual Studio Version 17
VisualStudioVersion = 17.6.33829.357
MinimumVisualStudioVersion = 10.0.40219.1
Project("{FAE04EC0-301F-11D3-BF4B-00C04F79EFBC}") = "WpfApp_GIT_Test_2", "WpfApp_GIT_Test_2\WpfApp_GIT_Test_2.csproj", "{C3999CF4-0BA2-41B3-8606-903147BD2612}"
EndProject
Global
	GlobalSection(SolutionConfigurationPlatforms) = preSolution
		Debug|Any CPU = Debug|Any CPU
		Release|Any CPU = Release|Any CPU
	EndGlobalSection
	GlobalSection(ProjectConfigurationPlatforms) = postSolution
		{C3999CF4-0BA2-41B3-8606-903147BD2612}.Debug|Any CPU.ActiveCfg = Debug|Any CPU
		{C3999CF4-0BA2-41B3-8606-903147BD2612}.Debug|Any CPU.Build.0 = Debug|Any CPU
		{C3999CF4-0BA2-41B3-8606-903147BD2612}.Release|Any CPU.ActiveCfg = Release|Any CPU
		{C3999CF4-0BA2-41B3-8606-903147BD2612}.Release|Any CPU.Build.0 = Release|Any CPU
	EndGlobalSection
	GlobalSection(SolutionProperties) = preSolution
		HideSolutionNode = FALSE
	EndGlobalSection
	GlobalSection(ExtensibilityGlobals) = postSolution
		SolutionGuid = {C8E136BB-F0B0-4577-A71C-03A4DB57DE09}
	EndGlobalSection
EndGlobal
